// !$*UTF8*$!
{
	archiveVersion = 1;
	classes = {
	};
	objectVersion = 56;
	objects = {

/* Begin PBXBuildFile section */
		4D1A69BD2B36FF2400F28C12 /* LoadListFilmService.swift in Sources */ = {isa = PBXBuildFile; fileRef = 4D1A69BC2B36FF2400F28C12 /* LoadListFilmService.swift */; };
		4D1A69BF2B37034800F28C12 /* Movie.swift in Sources */ = {isa = PBXBuildFile; fileRef = 4D1A69BE2B37034800F28C12 /* Movie.swift */; };
		4D1A69C12B37040900F28C12 /* MoviesResponse.swift in Sources */ = {isa = PBXBuildFile; fileRef = 4D1A69C02B37040900F28C12 /* MoviesResponse.swift */; };
		4D1A69C52B3831ED00F28C12 /* TableViewFilmCell.swift in Sources */ = {isa = PBXBuildFile; fileRef = 4D1A69C42B3831ED00F28C12 /* TableViewFilmCell.swift */; };
		4DEB23522B2F503200948B1A /* AppDelegate.swift in Sources */ = {isa = PBXBuildFile; fileRef = 4DEB23512B2F503200948B1A /* AppDelegate.swift */; };
		4DEB23542B2F503200948B1A /* SceneDelegate.swift in Sources */ = {isa = PBXBuildFile; fileRef = 4DEB23532B2F503200948B1A /* SceneDelegate.swift */; };
		4DEB235B2B2F503400948B1A /* Assets.xcassets in Resources */ = {isa = PBXBuildFile; fileRef = 4DEB235A2B2F503400948B1A /* Assets.xcassets */; };
		4DEB235E2B2F503400948B1A /* LaunchScreen.storyboard in Resources */ = {isa = PBXBuildFile; fileRef = 4DEB235C2B2F503400948B1A /* LaunchScreen.storyboard */; };
		4DEB23662B2F586700948B1A /* FilmViewController.swift in Sources */ = {isa = PBXBuildFile; fileRef = 4DEB23652B2F586700948B1A /* FilmViewController.swift */; };
/* End PBXBuildFile section */

/* Begin PBXFileReference section */
		4D1A69BC2B36FF2400F28C12 /* LoadListFilmService.swift */ = {isa = PBXFileReference; lastKnownFileType = sourcecode.swift; path = LoadListFilmService.swift; sourceTree = "<group>"; };
		4D1A69BE2B37034800F28C12 /* Movie.swift */ = {isa = PBXFileReference; lastKnownFileType = sourcecode.swift; path = Movie.swift; sourceTree = "<group>"; };
		4D1A69C02B37040900F28C12 /* MoviesResponse.swift */ = {isa = PBXFileReference; lastKnownFileType = sourcecode.swift; path = MoviesResponse.swift; sourceTree = "<group>"; };
		4D1A69C42B3831ED00F28C12 /* TableViewFilmCell.swift */ = {isa = PBXFileReference; lastKnownFileType = sourcecode.swift; path = TableViewFilmCell.swift; sourceTree = "<group>"; };
		4DEB234E2B2F503200948B1A /* EduLoadFilmProj.app */ = {isa = PBXFileReference; explicitFileType = wrapper.application; includeInIndex = 0; path = EduLoadFilmProj.app; sourceTree = BUILT_PRODUCTS_DIR; };
		4DEB23512B2F503200948B1A /* AppDelegate.swift */ = {isa = PBXFileReference; lastKnownFileType = sourcecode.swift; path = AppDelegate.swift; sourceTree = "<group>"; };
		4DEB23532B2F503200948B1A /* SceneDelegate.swift */ = {isa = PBXFileReference; lastKnownFileType = sourcecode.swift; path = SceneDelegate.swift; sourceTree = "<group>"; };
		4DEB235A2B2F503400948B1A /* Assets.xcassets */ = {isa = PBXFileReference; lastKnownFileType = folder.assetcatalog; path = Assets.xcassets; sourceTree = "<group>"; };
		4DEB235D2B2F503400948B1A /* Base */ = {isa = PBXFileReference; lastKnownFileType = file.storyboard; name = Base; path = Base.lproj/LaunchScreen.storyboard; sourceTree = "<group>"; };
		4DEB235F2B2F503400948B1A /* Info.plist */ = {isa = PBXFileReference; lastKnownFileType = text.plist.xml; path = Info.plist; sourceTree = "<group>"; };
		4DEB23652B2F586700948B1A /* FilmViewController.swift */ = {isa = PBXFileReference; lastKnownFileType = sourcecode.swift; path = FilmViewController.swift; sourceTree = "<group>"; };
/* End PBXFileReference section */

/* Begin PBXFrameworksBuildPhase section */
		4DEB234B2B2F503200948B1A /* Frameworks */ = {
			isa = PBXFrameworksBuildPhase;
			buildActionMask = 2147483647;
			files = (
			);
			runOnlyForDeploymentPostprocessing = 0;
		};
/* End PBXFrameworksBuildPhase section */

/* Begin PBXGroup section */
		4DD34E802B66B6C700BC8DB2 /* App delegates */ = {
			isa = PBXGroup;
			children = (
				4DEB23512B2F503200948B1A /* AppDelegate.swift */,
				4DEB23532B2F503200948B1A /* SceneDelegate.swift */,
			);
			path = "App delegates";
			sourceTree = "<group>";
		};
		4DD34E812B66B6D700BC8DB2 /* View */ = {
			isa = PBXGroup;
			children = (
				4DEB23652B2F586700948B1A /* FilmViewController.swift */,
			);
			path = View;
			sourceTree = "<group>";
		};
		4DD34E822B66B6F200BC8DB2 /* Controller */ = {
			isa = PBXGroup;
			children = (
				4D1A69BC2B36FF2400F28C12 /* LoadListFilmService.swift */,
			);
			path = Controller;
			sourceTree = "<group>";
		};
		4DD34E832B66B6FE00BC8DB2 /* Cell */ = {
			isa = PBXGroup;
			children = (
				4D1A69C42B3831ED00F28C12 /* TableViewFilmCell.swift */,
			);
			path = Cell;
			sourceTree = "<group>";
		};
		4DD34E842B66B72D00BC8DB2 /* Model */ = {
			isa = PBXGroup;
			children = (
				4D1A69BE2B37034800F28C12 /* Movie.swift */,
				4D1A69C02B37040900F28C12 /* MoviesResponse.swift */,
			);
			path = Model;
			sourceTree = "<group>";
		};
		4DEB23452B2F503200948B1A = {
			isa = PBXGroup;
			children = (
				4DEB235A2B2F503400948B1A /* Assets.xcassets */,
				4DEB235C2B2F503400948B1A /* LaunchScreen.storyboard */,
				4DEB23502B2F503200948B1A /* EduLoadFilmProj */,
				4DEB234F2B2F503200948B1A /* Products */,
			);
			sourceTree = "<group>";
		};
		4DEB234F2B2F503200948B1A /* Products */ = {
			isa = PBXGroup;
			children = (
				4DEB234E2B2F503200948B1A /* EduLoadFilmProj.app */,
			);
			name = Products;
			sourceTree = "<group>";
		};
		4DEB23502B2F503200948B1A /* EduLoadFilmProj */ = {
			isa = PBXGroup;
			children = (
				4DD34E802B66B6C700BC8DB2 /* App delegates */,
				4DD34E842B66B72D00BC8DB2 /* Model */,
				4DD34E812B66B6D700BC8DB2 /* View */,
				4DD34E822B66B6F200BC8DB2 /* Controller */,
				4DD34E832B66B6FE00BC8DB2 /* Cell */,
				4DEB235F2B2F503400948B1A /* Info.plist */,
			);
			path = EduLoadFilmProj;
			sourceTree = "<group>";
		};
/* End PBXGroup section */

/* Begin PBXNativeTarget section */
		4DEB234D2B2F503200948B1A /* EduLoadFilmProj */ = {
			isa = PBXNativeTarget;
			buildConfigurationList = 4DEB23622B2F503400948B1A /* Build configuration list for PBXNativeTarget "EduLoadFilmProj" */;
			buildPhases = (
				4DEB234A2B2F503200948B1A /* Sources */,
				4DEB234B2B2F503200948B1A /* Frameworks */,
				4DEB234C2B2F503200948B1A /* Resources */,
			);
			buildRules = (
			);
			dependencies = (
			);
			name = EduLoadFilmProj;
			productName = eduLoadFilmProj;
			productReference = 4DEB234E2B2F503200948B1A /* EduLoadFilmProj.app */;
			productType = "com.apple.product-type.application";
		};
/* End PBXNativeTarget section */

/* Begin PBXProject section */
		4DEB23462B2F503200948B1A /* Project object */ = {
			isa = PBXProject;
			attributes = {
				BuildIndependentTargetsInParallel = 1;
				LastSwiftUpdateCheck = 1430;
				LastUpgradeCheck = 1430;
				TargetAttributes = {
					4DEB234D2B2F503200948B1A = {
						CreatedOnToolsVersion = 14.3.1;
					};
				};
			};
			buildConfigurationList = 4DEB23492B2F503200948B1A /* Build configuration list for PBXProject "EduLoadFilmProj" */;
			compatibilityVersion = "Xcode 14.0";
			developmentRegion = en;
			hasScannedForEncodings = 0;
			knownRegions = (
				en,
				Base,
			);
			mainGroup = 4DEB23452B2F503200948B1A;
			productRefGroup = 4DEB234F2B2F503200948B1A /* Products */;
			projectDirPath = "";
			projectRoot = "";
			targets = (
				4DEB234D2B2F503200948B1A /* EduLoadFilmProj */,
			);
		};
/* End PBXProject section */

/* Begin PBXResourcesBuildPhase section */
		4DEB234C2B2F503200948B1A /* Resources */ = {
			isa = PBXResourcesBuildPhase;
			buildActionMask = 2147483647;
			files = (
				4DEB235E2B2F503400948B1A /* LaunchScreen.storyboard in Resources */,
				4DEB235B2B2F503400948B1A /* Assets.xcassets in Resources */,
			);
			runOnlyForDeploymentPostprocessing = 0;
		};
/* End PBXResourcesBuildPhase section */

/* Begin PBXSourcesBuildPhase section */
		4DEB234A2B2F503200948B1A /* Sources */ = {
			isa = PBXSourcesBuildPhase;
			buildActionMask = 2147483647;
			files = (
				4D1A69BD2B36FF2400F28C12 /* LoadListFilmService.swift in Sources */,
				4D1A69BF2B37034800F28C12 /* Movie.swift in Sources */,
				4D1A69C12B37040900F28C12 /* MoviesResponse.swift in Sources */,
				4DEB23522B2F503200948B1A /* AppDelegate.swift in Sources */,
				4D1A69C52B3831ED00F28C12 /* TableViewFilmCell.swift in Sources */,
				4DEB23662B2F586700948B1A /* FilmViewController.swift in Sources */,
				4DEB23542B2F503200948B1A /* SceneDelegate.swift in Sources */,
			);
			runOnlyForDeploymentPostprocessing = 0;
		};
/* End PBXSourcesBuildPhase section */

/* Begin PBXVariantGroup section */
		4DEB235C2B2F503400948B1A /* LaunchScreen.storyboard */ = {
			isa = PBXVariantGroup;
			children = (
				4DEB235D2B2F503400948B1A /* Base */,
			);
			name = LaunchScreen.storyboard;
			sourceTree = "<group>";
		};
/* End PBXVariantGroup section */

/* Begin XCBuildConfiguration section */
		4DEB23602B2F503400948B1A /* Debug */ = {
			isa = XCBuildConfiguration;
			buildSettings = {
				ALWAYS_SEARCH_USER_PATHS = NO;
				CLANG_ANALYZER_NONNULL = YES;
				CLANG_ANALYZER_NUMBER_OBJECT_CONVERSION = YES_AGGRESSIVE;
				CLANG_CXX_LANGUAGE_STANDARD = "gnu++20";
				CLANG_ENABLE_MODULES = YES;
				CLANG_ENABLE_OBJC_ARC = YES;
				CLANG_ENABLE_OBJC_WEAK = YES;
				CLANG_WARN_BLOCK_CAPTURE_AUTORELEASING = YES;
				CLANG_WARN_BOOL_CONVERSION = YES;
				CLANG_WARN_COMMA = YES;
				CLANG_WARN_CONSTANT_CONVERSION = YES;
				CLANG_WARN_DEPRECATED_OBJC_IMPLEMENTATIONS = YES;
				CLANG_WARN_DIRECT_OBJC_ISA_USAGE = YES_ERROR;
				CLANG_WARN_DOCUMENTATION_COMMENTS = YES;
				CLANG_WARN_EMPTY_BODY = YES;
				CLANG_WARN_ENUM_CONVERSION = YES;
				CLANG_WARN_INFINITE_RECURSION = YES;
				CLANG_WARN_INT_CONVERSION = YES;
				CLANG_WARN_NON_LITERAL_NULL_CONVERSION = YES;
				CLANG_WARN_OBJC_IMPLICIT_RETAIN_SELF = YES;
				CLANG_WARN_OBJC_LITERAL_CONVERSION = YES;
				CLANG_WARN_OBJC_ROOT_CLASS = YES_ERROR;
				CLANG_WARN_QUOTED_INCLUDE_IN_FRAMEWORK_HEADER = YES;
				CLANG_WARN_RANGE_LOOP_ANALYSIS = YES;
				CLANG_WARN_STRICT_PROTOTYPES = YES;
				CLANG_WARN_SUSPICIOUS_MOVE = YES;
				CLANG_WARN_UNGUARDED_AVAILABILITY = YES_AGGRESSIVE;
				CLANG_WARN_UNREACHABLE_CODE = YES;
				CLANG_WARN__DUPLICATE_METHOD_MATCH = YES;
				COPY_PHASE_STRIP = NO;
				DEBUG_INFORMATION_FORMAT = dwarf;
				ENABLE_STRICT_OBJC_MSGSEND = YES;
				ENABLE_TESTABILITY = YES;
				GCC_C_LANGUAGE_STANDARD = gnu11;
				GCC_DYNAMIC_NO_PIC = NO;
				GCC_NO_COMMON_BLOCKS = YES;
				GCC_OPTIMIZATION_LEVEL = 0;
				GCC_PREPROCESSOR_DEFINITIONS = (
					"DEBUG=1",
					"$(inherited)",
				);
				GCC_WARN_64_TO_32_BIT_CONVERSION = YES;
				GCC_WARN_ABOUT_RETURN_TYPE = YES_ERROR;
				GCC_WARN_UNDECLARED_SELECTOR = YES;
				GCC_WARN_UNINITIALIZED_AUTOS = YES_AGGRESSIVE;
				GCC_WARN_UNUSED_FUNCTION = YES;
				GCC_WARN_UNUSED_VARIABLE = YES;
				IPHONEOS_DEPLOYMENT_TARGET = 16.4;
				MTL_ENABLE_DEBUG_INFO = INCLUDE_SOURCE;
				MTL_FAST_MATH = YES;
				ONLY_ACTIVE_ARCH = YES;
				SDKROOT = iphoneos;
				SWIFT_ACTIVE_COMPILATION_CONDITIONS = DEBUG;
				SWIFT_OPTIMIZATION_LEVEL = "-Onone";
			};
			name = Debug;
		};
		4DEB23612B2F503400948B1A /* Release */ = {
			isa = XCBuildConfiguration;
			buildSettings = {
				ALWAYS_SEARCH_USER_PATHS = NO;
				CLANG_ANALYZER_NONNULL = YES;
				CLANG_ANALYZER_NUMBER_OBJECT_CONVERSION = YES_AGGRESSIVE;
				CLANG_CXX_LANGUAGE_STANDARD = "gnu++20";
				CLANG_ENABLE_MODULES = YES;
				CLANG_ENABLE_OBJC_ARC = YES;
				CLANG_ENABLE_OBJC_WEAK = YES;
				CLANG_WARN_BLOCK_CAPTURE_AUTORELEASING = YES;
				CLANG_WARN_BOOL_CONVERSION = YES;
				CLANG_WARN_COMMA = YES;
				CLANG_WARN_CONSTANT_CONVERSION = YES;
				CLANG_WARN_DEPRECATED_OBJC_IMPLEMENTATIONS = YES;
				CLANG_WARN_DIRECT_OBJC_ISA_USAGE = YES_ERROR;
				CLANG_WARN_DOCUMENTATION_COMMENTS = YES;
				CLANG_WARN_EMPTY_BODY = YES;
				CLANG_WARN_ENUM_CONVERSION = YES;
				CLANG_WARN_INFINITE_RECURSION = YES;
				CLANG_WARN_INT_CONVERSION = YES;
				CLANG_WARN_NON_LITERAL_NULL_CONVERSION = YES;
				CLANG_WARN_OBJC_IMPLICIT_RETAIN_SELF = YES;
				CLANG_WARN_OBJC_LITERAL_CONVERSION = YES;
				CLANG_WARN_OBJC_ROOT_CLASS = YES_ERROR;
				CLANG_WARN_QUOTED_INCLUDE_IN_FRAMEWORK_HEADER = YES;
				CLANG_WARN_RANGE_LOOP_ANALYSIS = YES;
				CLANG_WARN_STRICT_PROTOTYPES = YES;
				CLANG_WARN_SUSPICIOUS_MOVE = YES;
				CLANG_WARN_UNGUARDED_AVAILABILITY = YES_AGGRESSIVE;
				CLANG_WARN_UNREACHABLE_CODE = YES;
				CLANG_WARN__DUPLICATE_METHOD_MATCH = YES;
				COPY_PHASE_STRIP = NO;
				DEBUG_INFORMATION_FORMAT = "dwarf-with-dsym";
				ENABLE_NS_ASSERTIONS = NO;
				ENABLE_STRICT_OBJC_MSGSEND = YES;
				GCC_C_LANGUAGE_STANDARD = gnu11;
				GCC_NO_COMMON_BLOCKS = YES;
				GCC_WARN_64_TO_32_BIT_CONVERSION = YES;
				GCC_WARN_ABOUT_RETURN_TYPE = YES_ERROR;
				GCC_WARN_UNDECLARED_SELECTOR = YES;
				GCC_WARN_UNINITIALIZED_AUTOS = YES_AGGRESSIVE;
				GCC_WARN_UNUSED_FUNCTION = YES;
				GCC_WARN_UNUSED_VARIABLE = YES;
				IPHONEOS_DEPLOYMENT_TARGET = 16.4;
				MTL_ENABLE_DEBUG_INFO = NO;
				MTL_FAST_MATH = YES;
				SDKROOT = iphoneos;
				SWIFT_COMPILATION_MODE = wholemodule;
				SWIFT_OPTIMIZATION_LEVEL = "-O";
				VALIDATE_PRODUCT = YES;
			};
			name = Release;
		};
		4DEB23632B2F503400948B1A /* Debug */ = {
			isa = XCBuildConfiguration;
			buildSettings = {
				ASSETCATALOG_COMPILER_APPICON_NAME = AppIcon;
				ASSETCATALOG_COMPILER_GLOBAL_ACCENT_COLOR_NAME = AccentColor;
				CODE_SIGN_STYLE = Automatic;
				CURRENT_PROJECT_VERSION = 1;
				DEVELOPMENT_TEAM = M4P2PW6436;
				GENERATE_INFOPLIST_FILE = YES;
				INFOPLIST_FILE = eduLoadFilmProj/Info.plist;
				INFOPLIST_KEY_UIApplicationSupportsIndirectInputEvents = YES;
				INFOPLIST_KEY_UILaunchStoryboardName = LaunchScreen;
				INFOPLIST_KEY_UISupportedInterfaceOrientations_iPad = "UIInterfaceOrientationPortrait UIInterfaceOrientationPortraitUpsideDown UIInterfaceOrientationLandscapeLeft UIInterfaceOrientationLandscapeRight";
				INFOPLIST_KEY_UISupportedInterfaceOrientations_iPhone = "UIInterfaceOrientationPortrait UIInterfaceOrientationLandscapeLeft UIInterfaceOrientationLandscapeRight";
				LD_RUNPATH_SEARCH_PATHS = (
					"$(inherited)",
					"@executable_path/Frameworks",
				);
				MARKETING_VERSION = 1.0;
				PRODUCT_BUNDLE_IDENTIFIER = kravets.eduLoadFilmProj;
				PRODUCT_NAME = "$(TARGET_NAME)";
				SWIFT_EMIT_LOC_STRINGS = YES;
				SWIFT_VERSION = 5.0;
				TARGETED_DEVICE_FAMILY = "1,2";
			};
			name = Debug;
		};
		4DEB23642B2F503400948B1A /* Release */ = {
			isa = XCBuildConfiguration;
			buildSettings = {
				ASSETCATALOG_COMPILER_APPICON_NAME = AppIcon;
				ASSETCATALOG_COMPILER_GLOBAL_ACCENT_COLOR_NAME = AccentColor;
				CODE_SIGN_STYLE = Automatic;
				CURRENT_PROJECT_VERSION = 1;
				DEVELOPMENT_TEAM = M4P2PW6436;
				GENERATE_INFOPLIST_FILE = YES;
				INFOPLIST_FILE = eduLoadFilmProj/Info.plist;
				INFOPLIST_KEY_UIApplicationSupportsIndirectInputEvents = YES;
				INFOPLIST_KEY_UILaunchStoryboardName = LaunchScreen;
				INFOPLIST_KEY_UISupportedInterfaceOrientations_iPad = "UIInterfaceOrientationPortrait UIInterfaceOrientationPortraitUpsideDown UIInterfaceOrientationLandscapeLeft UIInterfaceOrientationLandscapeRight";
				INFOPLIST_KEY_UISupportedInterfaceOrientations_iPhone = "UIInterfaceOrientationPortrait UIInterfaceOrientationLandscapeLeft UIInterfaceOrientationLandscapeRight";
				LD_RUNPATH_SEARCH_PATHS = (
					"$(inherited)",
					"@executable_path/Frameworks",
				);
				MARKETING_VERSION = 1.0;
				PRODUCT_BUNDLE_IDENTIFIER = kravets.eduLoadFilmProj;
				PRODUCT_NAME = "$(TARGET_NAME)";
				SWIFT_EMIT_LOC_STRINGS = YES;
				SWIFT_VERSION = 5.0;
				TARGETED_DEVICE_FAMILY = "1,2";
			};
			name = Release;
		};
/* End XCBuildConfiguration section */

/* Begin XCConfigurationList section */
		4DEB23492B2F503200948B1A /* Build configuration list for PBXProject "EduLoadFilmProj" */ = {
			isa = XCConfigurationList;
			buildConfigurations = (
				4DEB23602B2F503400948B1A /* Debug */,
				4DEB23612B2F503400948B1A /* Release */,
			);
			defaultConfigurationIsVisible = 0;
			defaultConfigurationName = Release;
		};
		4DEB23622B2F503400948B1A /* Build configuration list for PBXNativeTarget "EduLoadFilmProj" */ = {
			isa = XCConfigurationList;
			buildConfigurations = (
				4DEB23632B2F503400948B1A /* Debug */,
				4DEB23642B2F503400948B1A /* Release */,
			);
			defaultConfigurationIsVisible = 0;
			defaultConfigurationName = Release;
		};
/* End XCConfigurationList section */
	};
	rootObject = 4DEB23462B2F503200948B1A /* Project object */;
}
